
Microsoft Visual Studio Solution File, Format Version 12.00
# Visual Studio Version 16
VisualStudioVersion = 16.0.31624.102
MinimumVisualStudioVersion = 10.0.40219.1
Project("{FAE04EC0-301F-11D3-BF4B-00C04F79EFBC}") = "WhatsAppOnlineChecker", "WhatsAppOnlineChecker\WhatsAppOnlineChecker.csproj", "{DE9FC8C6-08F3-4955-B6EB-882DB7180CD5}"
EndProject
Global
	GlobalSection(SolutionConfigurationPlatforms) = preSolution
		Debug|Any CPU = Debug|Any CPU
		Release|Any CPU = Release|Any CPU
	EndGlobalSection
	GlobalSection(ProjectConfigurationPlatforms) = postSolution
		{DE9FC8C6-08F3-4955-B6EB-882DB7180CD5}.Debug|Any CPU.ActiveCfg = Debug|Any CPU
		{DE9FC8C6-08F3-4955-B6EB-882DB7180CD5}.Debug|Any CPU.Build.0 = Debug|Any CPU
		{DE9FC8C6-08F3-4955-B6EB-882DB7180CD5}.Release|Any CPU.ActiveCfg = Release|Any CPU
		{DE9FC8C6-08F3-4955-B6EB-882DB7180CD5}.Release|Any CPU.Build.0 = Release|Any CPU
	EndGlobalSection
	GlobalSection(SolutionProperties) = preSolution
		HideSolutionNode = FALSE
	EndGlobalSection
	GlobalSection(ExtensibilityGlobals) = postSolution
		SolutionGuid = {03DE8E87-C6F4-4C3D-87C0-C90987C7A373}
	EndGlobalSection
EndGlobal
